
Microsoft Visual Studio Solution File, Format Version 12.00
# Visual Studio Version 17
VisualStudioVersion = 17.7.34221.43
MinimumVisualStudioVersion = 10.0.40219.1
Project("{FAE04EC0-301F-11D3-BF4B-00C04F79EFBC}") = "ExerciocioHerancaVeiculoMoto", "ExerciocioHerancaVeiculoMoto\ExerciocioHerancaVeiculoMoto.csproj", "{EA1E985D-0A4D-4DB5-9B2A-4F7997ACCD6C}"
EndProject
Global
	GlobalSection(SolutionConfigurationPlatforms) = preSolution
		Debug|Any CPU = Debug|Any CPU
		Release|Any CPU = Release|Any CPU
	EndGlobalSection
	GlobalSection(ProjectConfigurationPlatforms) = postSolution
		{EA1E985D-0A4D-4DB5-9B2A-4F7997ACCD6C}.Debug|Any CPU.ActiveCfg = Debug|Any CPU
		{EA1E985D-0A4D-4DB5-9B2A-4F7997ACCD6C}.Debug|Any CPU.Build.0 = Debug|Any CPU
		{EA1E985D-0A4D-4DB5-9B2A-4F7997ACCD6C}.Release|Any CPU.ActiveCfg = Release|Any CPU
		{EA1E985D-0A4D-4DB5-9B2A-4F7997ACCD6C}.Release|Any CPU.Build.0 = Release|Any CPU
	EndGlobalSection
	GlobalSection(SolutionProperties) = preSolution
		HideSolutionNode = FALSE
	EndGlobalSection
	GlobalSection(ExtensibilityGlobals) = postSolution
		SolutionGuid = {82ABD4D8-77E3-4A54-98B5-8472C62FC04C}
	EndGlobalSection
EndGlobal
