
Microsoft Visual Studio Solution File, Format Version 12.00
# Visual Studio Version 17
VisualStudioVersion = 17.7.34221.43
MinimumVisualStudioVersion = 10.0.40219.1
Project("{FAE04EC0-301F-11D3-BF4B-00C04F79EFBC}") = "ClasseCarroComLista", "ClasseCarroComLista\ClasseCarroComLista.csproj", "{F6720E41-69F9-453F-BE22-171F845E725A}"
EndProject
Global
	GlobalSection(SolutionConfigurationPlatforms) = preSolution
		Debug|Any CPU = Debug|Any CPU
		Release|Any CPU = Release|Any CPU
	EndGlobalSection
	GlobalSection(ProjectConfigurationPlatforms) = postSolution
		{F6720E41-69F9-453F-BE22-171F845E725A}.Debug|Any CPU.ActiveCfg = Debug|Any CPU
		{F6720E41-69F9-453F-BE22-171F845E725A}.Debug|Any CPU.Build.0 = Debug|Any CPU
		{F6720E41-69F9-453F-BE22-171F845E725A}.Release|Any CPU.ActiveCfg = Release|Any CPU
		{F6720E41-69F9-453F-BE22-171F845E725A}.Release|Any CPU.Build.0 = Release|Any CPU
	EndGlobalSection
	GlobalSection(SolutionProperties) = preSolution
		HideSolutionNode = FALSE
	EndGlobalSection
	GlobalSection(ExtensibilityGlobals) = postSolution
		SolutionGuid = {9EA8E172-71C0-4924-80BA-FB3D6C922616}
	EndGlobalSection
EndGlobal
